// !$*UTF8*$!
{
	archiveVersion = 1;
	classes = {
	};
	objectVersion = 56;
	objects = {

/* Begin PBXBuildFile section */
		297AA4FC21AD9086781DD01D /* Pods_Spotify.framework in Frameworks */ = {isa = PBXBuildFile; fileRef = 2ED09C1B20EBF538FE9718F7 /* Pods_Spotify.framework */; };
		C04F15042E042BCC00FD0BD5 /* FeaturedPlaylistsResponse.swift in Sources */ = {isa = PBXBuildFile; fileRef = C04F15032E042BCC00FD0BD5 /* FeaturedPlaylistsResponse.swift */; };
		C04F15062E0434B900FD0BD5 /* RecommendedGenresResponse.swift in Sources */ = {isa = PBXBuildFile; fileRef = C04F15052E0434B900FD0BD5 /* RecommendedGenresResponse.swift */; };
		C04F15082E043F1900FD0BD5 /* RecomendationsResponse.swift in Sources */ = {isa = PBXBuildFile; fileRef = C04F15072E043F1900FD0BD5 /* RecomendationsResponse.swift */; };
		C04F15282E05635100FD0BD5 /* NewReleasesCollectionViewCell.swift in Sources */ = {isa = PBXBuildFile; fileRef = C04F15272E05635100FD0BD5 /* NewReleasesCollectionViewCell.swift */; };
		C04F152A2E05639000FD0BD5 /* FeaturedPlaylistCollectionViewCell.swift in Sources */ = {isa = PBXBuildFile; fileRef = C04F15292E05639000FD0BD5 /* FeaturedPlaylistCollectionViewCell.swift */; };
		C04F152C2E05639D00FD0BD5 /* RecommendedCollectionViewCell.swift in Sources */ = {isa = PBXBuildFile; fileRef = C04F152B2E05639D00FD0BD5 /* RecommendedCollectionViewCell.swift */; };
		C04F152E2E084C5E00FD0BD5 /* NewReleasesCellViewModel.swift in Sources */ = {isa = PBXBuildFile; fileRef = C04F152D2E084C5E00FD0BD5 /* NewReleasesCellViewModel.swift */; };
		C04F15302E0966B900FD0BD5 /* FeaturedPlaylistCellViewModel.swift in Sources */ = {isa = PBXBuildFile; fileRef = C04F152F2E0966B900FD0BD5 /* FeaturedPlaylistCellViewModel.swift */; };
		C04F15322E0968F700FD0BD5 /* RecommendedTracksCellViewModel.swift in Sources */ = {isa = PBXBuildFile; fileRef = C04F15312E0968F700FD0BD5 /* RecommendedTracksCellViewModel.swift */; };
		C04F15342E097B5800FD0BD5 /* AlbumViewController.swift in Sources */ = {isa = PBXBuildFile; fileRef = C04F15332E097B5800FD0BD5 /* AlbumViewController.swift */; };
		C04F15362E09816B00FD0BD5 /* AlbumDetailsResponse.swift in Sources */ = {isa = PBXBuildFile; fileRef = C04F15352E09816B00FD0BD5 /* AlbumDetailsResponse.swift */; };
		C04F15382E0986F200FD0BD5 /* PlaylistDetailResponse.swift in Sources */ = {isa = PBXBuildFile; fileRef = C04F15372E0986F200FD0BD5 /* PlaylistDetailResponse.swift */; };
		C04F153A2E0AC33A00FD0BD5 /* PlaylistHeaderCollectionReusableView.swift in Sources */ = {isa = PBXBuildFile; fileRef = C04F15392E0AC33A00FD0BD5 /* PlaylistHeaderCollectionReusableView.swift */; };
		C04F153C2E0AC71400FD0BD5 /* PlaylistHeaderViewViewModel.swift in Sources */ = {isa = PBXBuildFile; fileRef = C04F153B2E0AC71400FD0BD5 /* PlaylistHeaderViewViewModel.swift */; };
		C04F15402E0D4AF100FD0BD5 /* TitleHeaderCollectionReusableView.swift in Sources */ = {isa = PBXBuildFile; fileRef = C04F153F2E0D4AF100FD0BD5 /* TitleHeaderCollectionReusableView.swift */; };
		C04F15422E0D5BAE00FD0BD5 /* AlbumTrackCollectionViewCell.swift in Sources */ = {isa = PBXBuildFile; fileRef = C04F15412E0D5BAE00FD0BD5 /* AlbumTrackCollectionViewCell.swift */; };
		C04F15442E0D5D7300FD0BD5 /* AlbumCollectionViewCellViewModel.swift in Sources */ = {isa = PBXBuildFile; fileRef = C04F15432E0D5D7300FD0BD5 /* AlbumCollectionViewCellViewModel.swift */; };
		C04F154A2E0EBA0400FD0BD5 /* CategoryCollectionViewCell.swift in Sources */ = {isa = PBXBuildFile; fileRef = C04F15492E0EBA0400FD0BD5 /* CategoryCollectionViewCell.swift */; };
		C04F154C2E0ED22400FD0BD5 /* AllCategoriesResponse.swift in Sources */ = {isa = PBXBuildFile; fileRef = C04F154B2E0ED22400FD0BD5 /* AllCategoriesResponse.swift */; };
		C04F154E2E0ED8AA00FD0BD5 /* CategoryCollectionViewCellViewModel.swift in Sources */ = {isa = PBXBuildFile; fileRef = C04F154D2E0ED8AA00FD0BD5 /* CategoryCollectionViewCellViewModel.swift */; };
		C04F15502E0EDA7D00FD0BD5 /* CategoryViewController.swift in Sources */ = {isa = PBXBuildFile; fileRef = C04F154F2E0EDA7D00FD0BD5 /* CategoryViewController.swift */; };
		C04F15522E12B21700FD0BD5 /* SearchResultResponse.swift in Sources */ = {isa = PBXBuildFile; fileRef = C04F15512E12B21700FD0BD5 /* SearchResultResponse.swift */; };
		C04F15542E12B3F500FD0BD5 /* SearchResult.swift in Sources */ = {isa = PBXBuildFile; fileRef = C04F15532E12B3F500FD0BD5 /* SearchResult.swift */; };
		C04F15572E12CA9F00FD0BD5 /* SearchResultDefaultTableViewCell.swift in Sources */ = {isa = PBXBuildFile; fileRef = C04F15562E12CA9F00FD0BD5 /* SearchResultDefaultTableViewCell.swift */; };
		C04F15592E12CD3700FD0BD5 /* SearchResultDefaultTableViewCellViewModel.swift in Sources */ = {isa = PBXBuildFile; fileRef = C04F15582E12CD3700FD0BD5 /* SearchResultDefaultTableViewCellViewModel.swift */; };
		C04F155B2E12D14700FD0BD5 /* SearchResultSubtitleTableViewCell.swift in Sources */ = {isa = PBXBuildFile; fileRef = C04F155A2E12D14700FD0BD5 /* SearchResultSubtitleTableViewCell.swift */; };
		C04F155E2E140B7C00FD0BD5 /* PlaybackPresenter.swift in Sources */ = {isa = PBXBuildFile; fileRef = C04F155D2E140B7C00FD0BD5 /* PlaybackPresenter.swift */; };
		C08548E72D304F3A00500448 /* SettingsModel.swift in Sources */ = {isa = PBXBuildFile; fileRef = C08548E62D304F3A00500448 /* SettingsModel.swift */; };
		C0AD62152E03159A00256D4C /* NewReleasesResponse.swift in Sources */ = {isa = PBXBuildFile; fileRef = C0AD62142E03159A00256D4C /* NewReleasesResponse.swift */; };
		C0AD62172E03172700256D4C /* APIImage.swift in Sources */ = {isa = PBXBuildFile; fileRef = C0AD62162E03172700256D4C /* APIImage.swift */; };
		C0C7E2852D2C22AE00AF7298 /* AppDelegate.swift in Sources */ = {isa = PBXBuildFile; fileRef = C0C7E2842D2C22AE00AF7298 /* AppDelegate.swift */; };
		C0C7E2872D2C22AE00AF7298 /* SceneDelegate.swift in Sources */ = {isa = PBXBuildFile; fileRef = C0C7E2862D2C22AE00AF7298 /* SceneDelegate.swift */; };
		C0C7E2892D2C22AE00AF7298 /* HomeViewController.swift in Sources */ = {isa = PBXBuildFile; fileRef = C0C7E2882D2C22AE00AF7298 /* HomeViewController.swift */; };
		C0C7E2912D2C22AF00AF7298 /* Assets.xcassets in Resources */ = {isa = PBXBuildFile; fileRef = C0C7E2902D2C22AF00AF7298 /* Assets.xcassets */; };
		C0C7E2942D2C22AF00AF7298 /* Base in Resources */ = {isa = PBXBuildFile; fileRef = C0C7E2932D2C22AF00AF7298 /* Base */; };
		C0C7E2A22D2C262900AF7298 /* TabBarController.swift in Sources */ = {isa = PBXBuildFile; fileRef = C0C7E2A12D2C262900AF7298 /* TabBarController.swift */; };
		C0C7E2A42D2C267600AF7298 /* SearchViewController.swift in Sources */ = {isa = PBXBuildFile; fileRef = C0C7E2A32D2C267600AF7298 /* SearchViewController.swift */; };
		C0C7E2A62D2C268200AF7298 /* LibraryViewController.swift in Sources */ = {isa = PBXBuildFile; fileRef = C0C7E2A52D2C268200AF7298 /* LibraryViewController.swift */; };
		C0C7E2AA2D2C283800AF7298 /* AuthViewController.swift in Sources */ = {isa = PBXBuildFile; fileRef = C0C7E2A92D2C283800AF7298 /* AuthViewController.swift */; };
		C0C7E2AC2D2C283F00AF7298 /* WelcomeViewController.swift in Sources */ = {isa = PBXBuildFile; fileRef = C0C7E2AB2D2C283F00AF7298 /* WelcomeViewController.swift */; };
		C0C7E2AE2D2C284600AF7298 /* SettingsViewController.swift in Sources */ = {isa = PBXBuildFile; fileRef = C0C7E2AD2D2C284600AF7298 /* SettingsViewController.swift */; };
		C0C7E2B02D2C284C00AF7298 /* ProfileViewController.swift in Sources */ = {isa = PBXBuildFile; fileRef = C0C7E2AF2D2C284C00AF7298 /* ProfileViewController.swift */; };
		C0C7E2B22D2C28ED00AF7298 /* PlaylistViewController.swift in Sources */ = {isa = PBXBuildFile; fileRef = C0C7E2B12D2C28ED00AF7298 /* PlaylistViewController.swift */; };
		C0C7E2B42D2C28F400AF7298 /* PlayerViewController.swift in Sources */ = {isa = PBXBuildFile; fileRef = C0C7E2B32D2C28F400AF7298 /* PlayerViewController.swift */; };
		C0C7E2B62D2C291B00AF7298 /* SearchResultsViewController.swift in Sources */ = {isa = PBXBuildFile; fileRef = C0C7E2B52D2C291B00AF7298 /* SearchResultsViewController.swift */; };
		C0C7E2B82D2C2A0800AF7298 /* AuthManager.swift in Sources */ = {isa = PBXBuildFile; fileRef = C0C7E2B72D2C2A0800AF7298 /* AuthManager.swift */; };
		C0C7E2BA2D2C2A0F00AF7298 /* ApiCaller.swift in Sources */ = {isa = PBXBuildFile; fileRef = C0C7E2B92D2C2A0F00AF7298 /* ApiCaller.swift */; };
		C0C7E2BC2D2C2A1700AF7298 /* HapticsManager.swift in Sources */ = {isa = PBXBuildFile; fileRef = C0C7E2BB2D2C2A1700AF7298 /* HapticsManager.swift */; };
		C0C7E2BE2D2C2BAD00AF7298 /* Playlist.swift in Sources */ = {isa = PBXBuildFile; fileRef = C0C7E2BD2D2C2BAD00AF7298 /* Playlist.swift */; };
		C0C7E2C02D2C2BB400AF7298 /* AudioTrack.swift in Sources */ = {isa = PBXBuildFile; fileRef = C0C7E2BF2D2C2BB400AF7298 /* AudioTrack.swift */; };
		C0C7E2C22D2C2BBB00AF7298 /* Artist.swift in Sources */ = {isa = PBXBuildFile; fileRef = C0C7E2C12D2C2BBB00AF7298 /* Artist.swift */; };
		C0C7E2C42D2C2BC700AF7298 /* UserProfile.swift in Sources */ = {isa = PBXBuildFile; fileRef = C0C7E2C32D2C2BC700AF7298 /* UserProfile.swift */; };
		C0C7E2C62D2D0E4200AF7298 /* Extensions.swift in Sources */ = {isa = PBXBuildFile; fileRef = C0C7E2C52D2D0E4200AF7298 /* Extensions.swift */; };
		C0C7E2C82D2EA88500AF7298 /* AuthResponse.swift in Sources */ = {isa = PBXBuildFile; fileRef = C0C7E2C72D2EA88500AF7298 /* AuthResponse.swift */; };
/* End PBXBuildFile section */

/* Begin PBXFileReference section */
		0F2AA9391C3BFA13E1790024 /* Pods-Spotify.release.xcconfig */ = {isa = PBXFileReference; includeInIndex = 1; lastKnownFileType = text.xcconfig; name = "Pods-Spotify.release.xcconfig"; path = "Target Support Files/Pods-Spotify/Pods-Spotify.release.xcconfig"; sourceTree = "<group>"; };
		2ED09C1B20EBF538FE9718F7 /* Pods_Spotify.framework */ = {isa = PBXFileReference; explicitFileType = wrapper.framework; includeInIndex = 0; path = Pods_Spotify.framework; sourceTree = BUILT_PRODUCTS_DIR; };
		C04F15032E042BCC00FD0BD5 /* FeaturedPlaylistsResponse.swift */ = {isa = PBXFileReference; lastKnownFileType = sourcecode.swift; path = FeaturedPlaylistsResponse.swift; sourceTree = "<group>"; };
		C04F15052E0434B900FD0BD5 /* RecommendedGenresResponse.swift */ = {isa = PBXFileReference; lastKnownFileType = sourcecode.swift; path = RecommendedGenresResponse.swift; sourceTree = "<group>"; };
		C04F15072E043F1900FD0BD5 /* RecomendationsResponse.swift */ = {isa = PBXFileReference; lastKnownFileType = sourcecode.swift; path = RecomendationsResponse.swift; sourceTree = "<group>"; };
		C04F15272E05635100FD0BD5 /* NewReleasesCollectionViewCell.swift */ = {isa = PBXFileReference; lastKnownFileType = sourcecode.swift; path = NewReleasesCollectionViewCell.swift; sourceTree = "<group>"; };
		C04F15292E05639000FD0BD5 /* FeaturedPlaylistCollectionViewCell.swift */ = {isa = PBXFileReference; lastKnownFileType = sourcecode.swift; path = FeaturedPlaylistCollectionViewCell.swift; sourceTree = "<group>"; };
		C04F152B2E05639D00FD0BD5 /* RecommendedCollectionViewCell.swift */ = {isa = PBXFileReference; lastKnownFileType = sourcecode.swift; path = RecommendedCollectionViewCell.swift; sourceTree = "<group>"; };
		C04F152D2E084C5E00FD0BD5 /* NewReleasesCellViewModel.swift */ = {isa = PBXFileReference; lastKnownFileType = sourcecode.swift; path = NewReleasesCellViewModel.swift; sourceTree = "<group>"; };
		C04F152F2E0966B900FD0BD5 /* FeaturedPlaylistCellViewModel.swift */ = {isa = PBXFileReference; lastKnownFileType = sourcecode.swift; path = FeaturedPlaylistCellViewModel.swift; sourceTree = "<group>"; };
		C04F15312E0968F700FD0BD5 /* RecommendedTracksCellViewModel.swift */ = {isa = PBXFileReference; lastKnownFileType = sourcecode.swift; path = RecommendedTracksCellViewModel.swift; sourceTree = "<group>"; };
		C04F15332E097B5800FD0BD5 /* AlbumViewController.swift */ = {isa = PBXFileReference; lastKnownFileType = sourcecode.swift; path = AlbumViewController.swift; sourceTree = "<group>"; };
		C04F15352E09816B00FD0BD5 /* AlbumDetailsResponse.swift */ = {isa = PBXFileReference; lastKnownFileType = sourcecode.swift; path = AlbumDetailsResponse.swift; sourceTree = "<group>"; };
		C04F15372E0986F200FD0BD5 /* PlaylistDetailResponse.swift */ = {isa = PBXFileReference; lastKnownFileType = sourcecode.swift; path = PlaylistDetailResponse.swift; sourceTree = "<group>"; };
		C04F15392E0AC33A00FD0BD5 /* PlaylistHeaderCollectionReusableView.swift */ = {isa = PBXFileReference; lastKnownFileType = sourcecode.swift; path = PlaylistHeaderCollectionReusableView.swift; sourceTree = "<group>"; };
		C04F153B2E0AC71400FD0BD5 /* PlaylistHeaderViewViewModel.swift */ = {isa = PBXFileReference; lastKnownFileType = sourcecode.swift; path = PlaylistHeaderViewViewModel.swift; sourceTree = "<group>"; };
		C04F153F2E0D4AF100FD0BD5 /* TitleHeaderCollectionReusableView.swift */ = {isa = PBXFileReference; lastKnownFileType = sourcecode.swift; path = TitleHeaderCollectionReusableView.swift; sourceTree = "<group>"; };
		C04F15412E0D5BAE00FD0BD5 /* AlbumTrackCollectionViewCell.swift */ = {isa = PBXFileReference; lastKnownFileType = sourcecode.swift; path = AlbumTrackCollectionViewCell.swift; sourceTree = "<group>"; };
		C04F15432E0D5D7300FD0BD5 /* AlbumCollectionViewCellViewModel.swift */ = {isa = PBXFileReference; lastKnownFileType = sourcecode.swift; path = AlbumCollectionViewCellViewModel.swift; sourceTree = "<group>"; };
		C04F15492E0EBA0400FD0BD5 /* CategoryCollectionViewCell.swift */ = {isa = PBXFileReference; lastKnownFileType = sourcecode.swift; path = CategoryCollectionViewCell.swift; sourceTree = "<group>"; };
		C04F154B2E0ED22400FD0BD5 /* AllCategoriesResponse.swift */ = {isa = PBXFileReference; lastKnownFileType = sourcecode.swift; path = AllCategoriesResponse.swift; sourceTree = "<group>"; };
		C04F154D2E0ED8AA00FD0BD5 /* CategoryCollectionViewCellViewModel.swift */ = {isa = PBXFileReference; lastKnownFileType = sourcecode.swift; path = CategoryCollectionViewCellViewModel.swift; sourceTree = "<group>"; };
		C04F154F2E0EDA7D00FD0BD5 /* CategoryViewController.swift */ = {isa = PBXFileReference; lastKnownFileType = sourcecode.swift; path = CategoryViewController.swift; sourceTree = "<group>"; };
		C04F15512E12B21700FD0BD5 /* SearchResultResponse.swift */ = {isa = PBXFileReference; lastKnownFileType = sourcecode.swift; path = SearchResultResponse.swift; sourceTree = "<group>"; };
		C04F15532E12B3F500FD0BD5 /* SearchResult.swift */ = {isa = PBXFileReference; lastKnownFileType = sourcecode.swift; path = SearchResult.swift; sourceTree = "<group>"; };
		C04F15562E12CA9F00FD0BD5 /* SearchResultDefaultTableViewCell.swift */ = {isa = PBXFileReference; lastKnownFileType = sourcecode.swift; path = SearchResultDefaultTableViewCell.swift; sourceTree = "<group>"; };
		C04F15582E12CD3700FD0BD5 /* SearchResultDefaultTableViewCellViewModel.swift */ = {isa = PBXFileReference; lastKnownFileType = sourcecode.swift; path = SearchResultDefaultTableViewCellViewModel.swift; sourceTree = "<group>"; };
		C04F155A2E12D14700FD0BD5 /* SearchResultSubtitleTableViewCell.swift */ = {isa = PBXFileReference; lastKnownFileType = sourcecode.swift; path = SearchResultSubtitleTableViewCell.swift; sourceTree = "<group>"; };
		C04F155D2E140B7C00FD0BD5 /* PlaybackPresenter.swift */ = {isa = PBXFileReference; lastKnownFileType = sourcecode.swift; path = PlaybackPresenter.swift; sourceTree = "<group>"; };
		C08548E62D304F3A00500448 /* SettingsModel.swift */ = {isa = PBXFileReference; lastKnownFileType = sourcecode.swift; path = SettingsModel.swift; sourceTree = "<group>"; };
		C0AD62142E03159A00256D4C /* NewReleasesResponse.swift */ = {isa = PBXFileReference; lastKnownFileType = sourcecode.swift; path = NewReleasesResponse.swift; sourceTree = "<group>"; };
		C0AD62162E03172700256D4C /* APIImage.swift */ = {isa = PBXFileReference; lastKnownFileType = sourcecode.swift; path = APIImage.swift; sourceTree = "<group>"; };
		C0C7E2812D2C22AE00AF7298 /* Spotify.app */ = {isa = PBXFileReference; explicitFileType = wrapper.application; includeInIndex = 0; path = Spotify.app; sourceTree = BUILT_PRODUCTS_DIR; };
		C0C7E2842D2C22AE00AF7298 /* AppDelegate.swift */ = {isa = PBXFileReference; lastKnownFileType = sourcecode.swift; path = AppDelegate.swift; sourceTree = "<group>"; };
		C0C7E2862D2C22AE00AF7298 /* SceneDelegate.swift */ = {isa = PBXFileReference; lastKnownFileType = sourcecode.swift; path = SceneDelegate.swift; sourceTree = "<group>"; };
		C0C7E2882D2C22AE00AF7298 /* HomeViewController.swift */ = {isa = PBXFileReference; lastKnownFileType = sourcecode.swift; path = HomeViewController.swift; sourceTree = "<group>"; };
		C0C7E2902D2C22AF00AF7298 /* Assets.xcassets */ = {isa = PBXFileReference; lastKnownFileType = folder.assetcatalog; path = Assets.xcassets; sourceTree = "<group>"; };
		C0C7E2932D2C22AF00AF7298 /* Base */ = {isa = PBXFileReference; lastKnownFileType = file.storyboard; name = Base; path = Base.lproj/LaunchScreen.storyboard; sourceTree = "<group>"; };
		C0C7E2952D2C22AF00AF7298 /* Info.plist */ = {isa = PBXFileReference; lastKnownFileType = text.plist.xml; path = Info.plist; sourceTree = "<group>"; };
		C0C7E2A12D2C262900AF7298 /* TabBarController.swift */ = {isa = PBXFileReference; lastKnownFileType = sourcecode.swift; path = TabBarController.swift; sourceTree = "<group>"; };
		C0C7E2A32D2C267600AF7298 /* SearchViewController.swift */ = {isa = PBXFileReference; lastKnownFileType = sourcecode.swift; path = SearchViewController.swift; sourceTree = "<group>"; };
		C0C7E2A52D2C268200AF7298 /* LibraryViewController.swift */ = {isa = PBXFileReference; lastKnownFileType = sourcecode.swift; path = LibraryViewController.swift; sourceTree = "<group>"; };
		C0C7E2A92D2C283800AF7298 /* AuthViewController.swift */ = {isa = PBXFileReference; lastKnownFileType = sourcecode.swift; path = AuthViewController.swift; sourceTree = "<group>"; };
		C0C7E2AB2D2C283F00AF7298 /* WelcomeViewController.swift */ = {isa = PBXFileReference; lastKnownFileType = sourcecode.swift; path = WelcomeViewController.swift; sourceTree = "<group>"; };
		C0C7E2AD2D2C284600AF7298 /* SettingsViewController.swift */ = {isa = PBXFileReference; lastKnownFileType = sourcecode.swift; path = SettingsViewController.swift; sourceTree = "<group>"; };
		C0C7E2AF2D2C284C00AF7298 /* ProfileViewController.swift */ = {isa = PBXFileReference; lastKnownFileType = sourcecode.swift; path = ProfileViewController.swift; sourceTree = "<group>"; };
		C0C7E2B12D2C28ED00AF7298 /* PlaylistViewController.swift */ = {isa = PBXFileReference; lastKnownFileType = sourcecode.swift; path = PlaylistViewController.swift; sourceTree = "<group>"; };
		C0C7E2B32D2C28F400AF7298 /* PlayerViewController.swift */ = {isa = PBXFileReference; lastKnownFileType = sourcecode.swift; path = PlayerViewController.swift; sourceTree = "<group>"; };
		C0C7E2B52D2C291B00AF7298 /* SearchResultsViewController.swift */ = {isa = PBXFileReference; lastKnownFileType = sourcecode.swift; path = SearchResultsViewController.swift; sourceTree = "<group>"; };
		C0C7E2B72D2C2A0800AF7298 /* AuthManager.swift */ = {isa = PBXFileReference; lastKnownFileType = sourcecode.swift; path = AuthManager.swift; sourceTree = "<group>"; };
		C0C7E2B92D2C2A0F00AF7298 /* ApiCaller.swift */ = {isa = PBXFileReference; lastKnownFileType = sourcecode.swift; path = ApiCaller.swift; sourceTree = "<group>"; };
		C0C7E2BB2D2C2A1700AF7298 /* HapticsManager.swift */ = {isa = PBXFileReference; lastKnownFileType = sourcecode.swift; path = HapticsManager.swift; sourceTree = "<group>"; };
		C0C7E2BD2D2C2BAD00AF7298 /* Playlist.swift */ = {isa = PBXFileReference; lastKnownFileType = sourcecode.swift; path = Playlist.swift; sourceTree = "<group>"; };
		C0C7E2BF2D2C2BB400AF7298 /* AudioTrack.swift */ = {isa = PBXFileReference; lastKnownFileType = sourcecode.swift; path = AudioTrack.swift; sourceTree = "<group>"; };
		C0C7E2C12D2C2BBB00AF7298 /* Artist.swift */ = {isa = PBXFileReference; lastKnownFileType = sourcecode.swift; path = Artist.swift; sourceTree = "<group>"; };
		C0C7E2C32D2C2BC700AF7298 /* UserProfile.swift */ = {isa = PBXFileReference; lastKnownFileType = sourcecode.swift; path = UserProfile.swift; sourceTree = "<group>"; };
		C0C7E2C52D2D0E4200AF7298 /* Extensions.swift */ = {isa = PBXFileReference; lastKnownFileType = sourcecode.swift; path = Extensions.swift; sourceTree = "<group>"; };
		C0C7E2C72D2EA88500AF7298 /* AuthResponse.swift */ = {isa = PBXFileReference; lastKnownFileType = sourcecode.swift; path = AuthResponse.swift; sourceTree = "<group>"; };
		C0D95987EF8D977FC1C5ADBB /* Pods-Spotify.debug.xcconfig */ = {isa = PBXFileReference; includeInIndex = 1; lastKnownFileType = text.xcconfig; name = "Pods-Spotify.debug.xcconfig"; path = "Target Support Files/Pods-Spotify/Pods-Spotify.debug.xcconfig"; sourceTree = "<group>"; };
/* End PBXFileReference section */

/* Begin PBXFrameworksBuildPhase section */
		C0C7E27E2D2C22AE00AF7298 /* Frameworks */ = {
			isa = PBXFrameworksBuildPhase;
			buildActionMask = 2147483647;
			files = (
				297AA4FC21AD9086781DD01D /* Pods_Spotify.framework in Frameworks */,
			);
			runOnlyForDeploymentPostprocessing = 0;
		};
/* End PBXFrameworksBuildPhase section */

/* Begin PBXGroup section */
		21BDEB7D3B9D27420D2655EC /* Pods */ = {
			isa = PBXGroup;
			children = (
				C0D95987EF8D977FC1C5ADBB /* Pods-Spotify.debug.xcconfig */,
				0F2AA9391C3BFA13E1790024 /* Pods-Spotify.release.xcconfig */,
			);
			path = Pods;
			sourceTree = "<group>";
		};
		9A2B55F74F433CA692022AC7 /* Frameworks */ = {
			isa = PBXGroup;
			children = (
				2ED09C1B20EBF538FE9718F7 /* Pods_Spotify.framework */,
			);
			name = Frameworks;
			sourceTree = "<group>";
		};
		C04F15262E05633500FD0BD5 /* Browse */ = {
			isa = PBXGroup;
			children = (
				C04F15272E05635100FD0BD5 /* NewReleasesCollectionViewCell.swift */,
				C04F15292E05639000FD0BD5 /* FeaturedPlaylistCollectionViewCell.swift */,
				C04F152B2E05639D00FD0BD5 /* RecommendedCollectionViewCell.swift */,
				C04F15412E0D5BAE00FD0BD5 /* AlbumTrackCollectionViewCell.swift */,
				C04F15492E0EBA0400FD0BD5 /* CategoryCollectionViewCell.swift */,
			);
			path = Browse;
			sourceTree = "<group>";
		};
		C04F15552E12CA7800FD0BD5 /* SearchResultsCells */ = {
			isa = PBXGroup;
			children = (
				C04F15562E12CA9F00FD0BD5 /* SearchResultDefaultTableViewCell.swift */,
				C04F155A2E12D14700FD0BD5 /* SearchResultSubtitleTableViewCell.swift */,
			);
			path = SearchResultsCells;
			sourceTree = "<group>";
		};
		C04F155C2E140B6D00FD0BD5 /* Presenter */ = {
			isa = PBXGroup;
			children = (
				C04F155D2E140B7C00FD0BD5 /* PlaybackPresenter.swift */,
			);
			path = Presenter;
			sourceTree = "<group>";
		};
		C0C7E2782D2C22AE00AF7298 = {
			isa = PBXGroup;
			children = (
				C0C7E2832D2C22AE00AF7298 /* Spotify */,
				C0C7E2822D2C22AE00AF7298 /* Products */,
				21BDEB7D3B9D27420D2655EC /* Pods */,
				9A2B55F74F433CA692022AC7 /* Frameworks */,
			);
			sourceTree = "<group>";
		};
		C0C7E2822D2C22AE00AF7298 /* Products */ = {
			isa = PBXGroup;
			children = (
				C0C7E2812D2C22AE00AF7298 /* Spotify.app */,
			);
			name = Products;
			sourceTree = "<group>";
		};
		C0C7E2832D2C22AE00AF7298 /* Spotify */ = {
			isa = PBXGroup;
			children = (
				C04F155C2E140B6D00FD0BD5 /* Presenter */,
				C0C7E29B2D2C22BF00AF7298 /* Resources */,
				C0C7E2A02D2C24DA00AF7298 /* Managers */,
				C0C7E29F2D2C24CC00AF7298 /* Models */,
				C0C7E29E2D2C24B700AF7298 /* ViewModels */,
				C0C7E29D2D2C24B200AF7298 /* Views */,
				C0C7E29C2D2C24A900AF7298 /* Controllers */,
				C0C7E2902D2C22AF00AF7298 /* Assets.xcassets */,
				C0C7E2952D2C22AF00AF7298 /* Info.plist */,
			);
			path = Spotify;
			sourceTree = "<group>";
		};
		C0C7E29B2D2C22BF00AF7298 /* Resources */ = {
			isa = PBXGroup;
			children = (
				C0C7E2842D2C22AE00AF7298 /* AppDelegate.swift */,
				C0C7E2862D2C22AE00AF7298 /* SceneDelegate.swift */,
				C0C7E2C52D2D0E4200AF7298 /* Extensions.swift */,
			);
			path = Resources;
			sourceTree = "<group>";
		};
		C0C7E29C2D2C24A900AF7298 /* Controllers */ = {
			isa = PBXGroup;
			children = (
				C0C7E2A82D2C282C00AF7298 /* Other */,
				C0C7E2A72D2C281C00AF7298 /* Core */,
			);
			path = Controllers;
			sourceTree = "<group>";
		};
		C0C7E29D2D2C24B200AF7298 /* Views */ = {
			isa = PBXGroup;
			children = (
				C04F15552E12CA7800FD0BD5 /* SearchResultsCells */,
				C0C7E2922D2C22AF00AF7298 /* LaunchScreen.storyboard */,
				C04F153F2E0D4AF100FD0BD5 /* TitleHeaderCollectionReusableView.swift */,
				C04F15392E0AC33A00FD0BD5 /* PlaylistHeaderCollectionReusableView.swift */,
				C04F15262E05633500FD0BD5 /* Browse */,
			);
			path = Views;
			sourceTree = "<group>";
		};
		C0C7E29E2D2C24B700AF7298 /* ViewModels */ = {
			isa = PBXGroup;
			children = (
				C04F152D2E084C5E00FD0BD5 /* NewReleasesCellViewModel.swift */,
				C04F152F2E0966B900FD0BD5 /* FeaturedPlaylistCellViewModel.swift */,
				C04F15312E0968F700FD0BD5 /* RecommendedTracksCellViewModel.swift */,
				C04F153B2E0AC71400FD0BD5 /* PlaylistHeaderViewViewModel.swift */,
				C04F15432E0D5D7300FD0BD5 /* AlbumCollectionViewCellViewModel.swift */,
				C04F154D2E0ED8AA00FD0BD5 /* CategoryCollectionViewCellViewModel.swift */,
				C04F15582E12CD3700FD0BD5 /* SearchResultDefaultTableViewCellViewModel.swift */,
			);
			path = ViewModels;
			sourceTree = "<group>";
		};
		C0C7E29F2D2C24CC00AF7298 /* Models */ = {
			isa = PBXGroup;
			children = (
				C0C7E2BD2D2C2BAD00AF7298 /* Playlist.swift */,
				C0C7E2BF2D2C2BB400AF7298 /* AudioTrack.swift */,
				C0C7E2C12D2C2BBB00AF7298 /* Artist.swift */,
				C0C7E2C32D2C2BC700AF7298 /* UserProfile.swift */,
				C0AD62162E03172700256D4C /* APIImage.swift */,
				C0C7E2C72D2EA88500AF7298 /* AuthResponse.swift */,
				C08548E62D304F3A00500448 /* SettingsModel.swift */,
				C0AD62142E03159A00256D4C /* NewReleasesResponse.swift */,
				C04F15032E042BCC00FD0BD5 /* FeaturedPlaylistsResponse.swift */,
				C04F15052E0434B900FD0BD5 /* RecommendedGenresResponse.swift */,
				C04F15072E043F1900FD0BD5 /* RecomendationsResponse.swift */,
				C04F15352E09816B00FD0BD5 /* AlbumDetailsResponse.swift */,
				C04F15372E0986F200FD0BD5 /* PlaylistDetailResponse.swift */,
				C04F154B2E0ED22400FD0BD5 /* AllCategoriesResponse.swift */,
				C04F15512E12B21700FD0BD5 /* SearchResultResponse.swift */,
				C04F15532E12B3F500FD0BD5 /* SearchResult.swift */,
			);
			path = Models;
			sourceTree = "<group>";
		};
		C0C7E2A02D2C24DA00AF7298 /* Managers */ = {
			isa = PBXGroup;
			children = (
				C0C7E2B72D2C2A0800AF7298 /* AuthManager.swift */,
				C0C7E2B92D2C2A0F00AF7298 /* ApiCaller.swift */,
				C0C7E2BB2D2C2A1700AF7298 /* HapticsManager.swift */,
			);
			path = Managers;
			sourceTree = "<group>";
		};
		C0C7E2A72D2C281C00AF7298 /* Core */ = {
			isa = PBXGroup;
			children = (
				C0C7E2A12D2C262900AF7298 /* TabBarController.swift */,
				C0C7E2882D2C22AE00AF7298 /* HomeViewController.swift */,
				C0C7E2A32D2C267600AF7298 /* SearchViewController.swift */,
				C0C7E2A52D2C268200AF7298 /* LibraryViewController.swift */,
			);
			path = Core;
			sourceTree = "<group>";
		};
		C0C7E2A82D2C282C00AF7298 /* Other */ = {
			isa = PBXGroup;
			children = (
				C0C7E2A92D2C283800AF7298 /* AuthViewController.swift */,
				C04F154F2E0EDA7D00FD0BD5 /* CategoryViewController.swift */,
				C0C7E2AB2D2C283F00AF7298 /* WelcomeViewController.swift */,
				C0C7E2AD2D2C284600AF7298 /* SettingsViewController.swift */,
				C0C7E2AF2D2C284C00AF7298 /* ProfileViewController.swift */,
				C0C7E2B32D2C28F400AF7298 /* PlayerViewController.swift */,
				C0C7E2B12D2C28ED00AF7298 /* PlaylistViewController.swift */,
				C04F15332E097B5800FD0BD5 /* AlbumViewController.swift */,
				C0C7E2B52D2C291B00AF7298 /* SearchResultsViewController.swift */,
			);
			path = Other;
			sourceTree = "<group>";
		};
/* End PBXGroup section */

/* Begin PBXNativeTarget section */
		C0C7E2802D2C22AE00AF7298 /* Spotify */ = {
			isa = PBXNativeTarget;
			buildConfigurationList = C0C7E2982D2C22AF00AF7298 /* Build configuration list for PBXNativeTarget "Spotify" */;
			buildPhases = (
				5DDBAFC79CF4FF92FE9F70FB /* [CP] Check Pods Manifest.lock */,
				C0C7E27D2D2C22AE00AF7298 /* Sources */,
				C0C7E27E2D2C22AE00AF7298 /* Frameworks */,
				C0C7E27F2D2C22AE00AF7298 /* Resources */,
				77C41C234038F85AAD07CBA2 /* [CP] Embed Pods Frameworks */,
			);
			buildRules = (
			);
			dependencies = (
			);
			name = Spotify;
			productName = Spotify;
			productReference = C0C7E2812D2C22AE00AF7298 /* Spotify.app */;
			productType = "com.apple.product-type.application";
		};
/* End PBXNativeTarget section */

/* Begin PBXProject section */
		C0C7E2792D2C22AE00AF7298 /* Project object */ = {
			isa = PBXProject;
			attributes = {
				BuildIndependentTargetsInParallel = 1;
				LastSwiftUpdateCheck = 1530;
				LastUpgradeCheck = 1530;
				TargetAttributes = {
					C0C7E2802D2C22AE00AF7298 = {
						CreatedOnToolsVersion = 15.3;
					};
				};
			};
			buildConfigurationList = C0C7E27C2D2C22AE00AF7298 /* Build configuration list for PBXProject "Spotify" */;
			compatibilityVersion = "Xcode 14.0";
			developmentRegion = en;
			hasScannedForEncodings = 0;
			knownRegions = (
				en,
				Base,
			);
			mainGroup = C0C7E2782D2C22AE00AF7298;
			productRefGroup = C0C7E2822D2C22AE00AF7298 /* Products */;
			projectDirPath = "";
			projectRoot = "";
			targets = (
				C0C7E2802D2C22AE00AF7298 /* Spotify */,
			);
		};
/* End PBXProject section */

/* Begin PBXResourcesBuildPhase section */
		C0C7E27F2D2C22AE00AF7298 /* Resources */ = {
			isa = PBXResourcesBuildPhase;
			buildActionMask = 2147483647;
			files = (
				C0C7E2912D2C22AF00AF7298 /* Assets.xcassets in Resources */,
				C0C7E2942D2C22AF00AF7298 /* Base in Resources */,
			);
			runOnlyForDeploymentPostprocessing = 0;
		};
/* End PBXResourcesBuildPhase section */

/* Begin PBXShellScriptBuildPhase section */
		5DDBAFC79CF4FF92FE9F70FB /* [CP] Check Pods Manifest.lock */ = {
			isa = PBXShellScriptBuildPhase;
			buildActionMask = 2147483647;
			files = (
			);
			inputFileListPaths = (
			);
			inputPaths = (
				"${PODS_PODFILE_DIR_PATH}/Podfile.lock",
				"${PODS_ROOT}/Manifest.lock",
			);
			name = "[CP] Check Pods Manifest.lock";
			outputFileListPaths = (
			);
			outputPaths = (
				"$(DERIVED_FILE_DIR)/Pods-Spotify-checkManifestLockResult.txt",
			);
			runOnlyForDeploymentPostprocessing = 0;
			shellPath = /bin/sh;
			shellScript = "diff \"${PODS_PODFILE_DIR_PATH}/Podfile.lock\" \"${PODS_ROOT}/Manifest.lock\" > /dev/null\nif [ $? != 0 ] ; then\n    # print error to STDERR\n    echo \"error: The sandbox is not in sync with the Podfile.lock. Run 'pod install' or update your CocoaPods installation.\" >&2\n    exit 1\nfi\n# This output is used by Xcode 'outputs' to avoid re-running this script phase.\necho \"SUCCESS\" > \"${SCRIPT_OUTPUT_FILE_0}\"\n";
			showEnvVarsInLog = 0;
		};
		77C41C234038F85AAD07CBA2 /* [CP] Embed Pods Frameworks */ = {
			isa = PBXShellScriptBuildPhase;
			buildActionMask = 2147483647;
			files = (
			);
			inputFileListPaths = (
				"${PODS_ROOT}/Target Support Files/Pods-Spotify/Pods-Spotify-frameworks-${CONFIGURATION}-input-files.xcfilelist",
			);
			name = "[CP] Embed Pods Frameworks";
			outputFileListPaths = (
				"${PODS_ROOT}/Target Support Files/Pods-Spotify/Pods-Spotify-frameworks-${CONFIGURATION}-output-files.xcfilelist",
			);
			runOnlyForDeploymentPostprocessing = 0;
			shellPath = /bin/sh;
			shellScript = "\"${PODS_ROOT}/Target Support Files/Pods-Spotify/Pods-Spotify-frameworks.sh\"\n";
			showEnvVarsInLog = 0;
		};
/* End PBXShellScriptBuildPhase section */

/* Begin PBXSourcesBuildPhase section */
		C0C7E27D2D2C22AE00AF7298 /* Sources */ = {
			isa = PBXSourcesBuildPhase;
			buildActionMask = 2147483647;
			files = (
				C04F15382E0986F200FD0BD5 /* PlaylistDetailResponse.swift in Sources */,
				C0C7E2A42D2C267600AF7298 /* SearchViewController.swift in Sources */,
				C04F152C2E05639D00FD0BD5 /* RecommendedCollectionViewCell.swift in Sources */,
				C04F15522E12B21700FD0BD5 /* SearchResultResponse.swift in Sources */,
				C0C7E2C42D2C2BC700AF7298 /* UserProfile.swift in Sources */,
				C04F152E2E084C5E00FD0BD5 /* NewReleasesCellViewModel.swift in Sources */,
				C04F15442E0D5D7300FD0BD5 /* AlbumCollectionViewCellViewModel.swift in Sources */,
				C0C7E2BE2D2C2BAD00AF7298 /* Playlist.swift in Sources */,
				C04F15302E0966B900FD0BD5 /* FeaturedPlaylistCellViewModel.swift in Sources */,
				C04F15502E0EDA7D00FD0BD5 /* CategoryViewController.swift in Sources */,
				C04F154C2E0ED22400FD0BD5 /* AllCategoriesResponse.swift in Sources */,
				C04F15402E0D4AF100FD0BD5 /* TitleHeaderCollectionReusableView.swift in Sources */,
				C04F15342E097B5800FD0BD5 /* AlbumViewController.swift in Sources */,
				C0C7E2B82D2C2A0800AF7298 /* AuthManager.swift in Sources */,
				C04F15042E042BCC00FD0BD5 /* FeaturedPlaylistsResponse.swift in Sources */,
				C0C7E2B62D2C291B00AF7298 /* SearchResultsViewController.swift in Sources */,
				C0C7E2AC2D2C283F00AF7298 /* WelcomeViewController.swift in Sources */,
				C04F15322E0968F700FD0BD5 /* RecommendedTracksCellViewModel.swift in Sources */,
				C04F15572E12CA9F00FD0BD5 /* SearchResultDefaultTableViewCell.swift in Sources */,
				C0C7E2BA2D2C2A0F00AF7298 /* ApiCaller.swift in Sources */,
				C0C7E2B02D2C284C00AF7298 /* ProfileViewController.swift in Sources */,
				C04F15282E05635100FD0BD5 /* NewReleasesCollectionViewCell.swift in Sources */,
				C04F154A2E0EBA0400FD0BD5 /* CategoryCollectionViewCell.swift in Sources */,
				C0C7E2C82D2EA88500AF7298 /* AuthResponse.swift in Sources */,
				C04F155B2E12D14700FD0BD5 /* SearchResultSubtitleTableViewCell.swift in Sources */,
				C0AD62152E03159A00256D4C /* NewReleasesResponse.swift in Sources */,
				C04F15422E0D5BAE00FD0BD5 /* AlbumTrackCollectionViewCell.swift in Sources */,
				C0AD62172E03172700256D4C /* APIImage.swift in Sources */,
				C0C7E2BC2D2C2A1700AF7298 /* HapticsManager.swift in Sources */,
				C0C7E2C02D2C2BB400AF7298 /* AudioTrack.swift in Sources */,
				C04F15592E12CD3700FD0BD5 /* SearchResultDefaultTableViewCellViewModel.swift in Sources */,
				C0C7E2892D2C22AE00AF7298 /* HomeViewController.swift in Sources */,
				C04F152A2E05639000FD0BD5 /* FeaturedPlaylistCollectionViewCell.swift in Sources */,
				C08548E72D304F3A00500448 /* SettingsModel.swift in Sources */,
				C0C7E2A22D2C262900AF7298 /* TabBarController.swift in Sources */,
				C0C7E2B42D2C28F400AF7298 /* PlayerViewController.swift in Sources */,
				C04F153A2E0AC33A00FD0BD5 /* PlaylistHeaderCollectionReusableView.swift in Sources */,
				C04F15542E12B3F500FD0BD5 /* SearchResult.swift in Sources */,
				C0C7E2C62D2D0E4200AF7298 /* Extensions.swift in Sources */,
				C0C7E2AA2D2C283800AF7298 /* AuthViewController.swift in Sources */,
				C0C7E2C22D2C2BBB00AF7298 /* Artist.swift in Sources */,
				C0C7E2852D2C22AE00AF7298 /* AppDelegate.swift in Sources */,
				C0C7E2B22D2C28ED00AF7298 /* PlaylistViewController.swift in Sources */,
				C0C7E2A62D2C268200AF7298 /* LibraryViewController.swift in Sources */,
				C04F15362E09816B00FD0BD5 /* AlbumDetailsResponse.swift in Sources */,
				C0C7E2872D2C22AE00AF7298 /* SceneDelegate.swift in Sources */,
				C04F15082E043F1900FD0BD5 /* RecomendationsResponse.swift in Sources */,
				C0C7E2AE2D2C284600AF7298 /* SettingsViewController.swift in Sources */,
				C04F153C2E0AC71400FD0BD5 /* PlaylistHeaderViewViewModel.swift in Sources */,
				C04F155E2E140B7C00FD0BD5 /* PlaybackPresenter.swift in Sources */,
				C04F154E2E0ED8AA00FD0BD5 /* CategoryCollectionViewCellViewModel.swift in Sources */,
				C04F15062E0434B900FD0BD5 /* RecommendedGenresResponse.swift in Sources */,
			);
			runOnlyForDeploymentPostprocessing = 0;
		};
/* End PBXSourcesBuildPhase section */

/* Begin PBXVariantGroup section */
		C0C7E2922D2C22AF00AF7298 /* LaunchScreen.storyboard */ = {
			isa = PBXVariantGroup;
			children = (
				C0C7E2932D2C22AF00AF7298 /* Base */,
			);
			name = LaunchScreen.storyboard;
			sourceTree = "<group>";
		};
/* End PBXVariantGroup section */

/* Begin XCBuildConfiguration section */
		C0C7E2962D2C22AF00AF7298 /* Debug */ = {
			isa = XCBuildConfiguration;
			buildSettings = {
				ALWAYS_SEARCH_USER_PATHS = NO;
				ASSETCATALOG_COMPILER_GENERATE_SWIFT_ASSET_SYMBOL_EXTENSIONS = YES;
				CLANG_ANALYZER_NONNULL = YES;
				CLANG_ANALYZER_NUMBER_OBJECT_CONVERSION = YES_AGGRESSIVE;
				CLANG_CXX_LANGUAGE_STANDARD = "gnu++20";
				CLANG_ENABLE_MODULES = YES;
				CLANG_ENABLE_OBJC_ARC = YES;
				CLANG_ENABLE_OBJC_WEAK = YES;
				CLANG_WARN_BLOCK_CAPTURE_AUTORELEASING = YES;
				CLANG_WARN_BOOL_CONVERSION = YES;
				CLANG_WARN_COMMA = YES;
				CLANG_WARN_CONSTANT_CONVERSION = YES;
				CLANG_WARN_DEPRECATED_OBJC_IMPLEMENTATIONS = YES;
				CLANG_WARN_DIRECT_OBJC_ISA_USAGE = YES_ERROR;
				CLANG_WARN_DOCUMENTATION_COMMENTS = YES;
				CLANG_WARN_EMPTY_BODY = YES;
				CLANG_WARN_ENUM_CONVERSION = YES;
				CLANG_WARN_INFINITE_RECURSION = YES;
				CLANG_WARN_INT_CONVERSION = YES;
				CLANG_WARN_NON_LITERAL_NULL_CONVERSION = YES;
				CLANG_WARN_OBJC_IMPLICIT_RETAIN_SELF = YES;
				CLANG_WARN_OBJC_LITERAL_CONVERSION = YES;
				CLANG_WARN_OBJC_ROOT_CLASS = YES_ERROR;
				CLANG_WARN_QUOTED_INCLUDE_IN_FRAMEWORK_HEADER = YES;
				CLANG_WARN_RANGE_LOOP_ANALYSIS = YES;
				CLANG_WARN_STRICT_PROTOTYPES = YES;
				CLANG_WARN_SUSPICIOUS_MOVE = YES;
				CLANG_WARN_UNGUARDED_AVAILABILITY = YES_AGGRESSIVE;
				CLANG_WARN_UNREACHABLE_CODE = YES;
				CLANG_WARN__DUPLICATE_METHOD_MATCH = YES;
				COPY_PHASE_STRIP = NO;
				DEBUG_INFORMATION_FORMAT = dwarf;
				ENABLE_STRICT_OBJC_MSGSEND = YES;
				ENABLE_TESTABILITY = YES;
				ENABLE_USER_SCRIPT_SANDBOXING = NO;
				GCC_C_LANGUAGE_STANDARD = gnu17;
				GCC_DYNAMIC_NO_PIC = NO;
				GCC_NO_COMMON_BLOCKS = YES;
				GCC_OPTIMIZATION_LEVEL = 0;
				GCC_PREPROCESSOR_DEFINITIONS = (
					"DEBUG=1",
					"$(inherited)",
				);
				GCC_WARN_64_TO_32_BIT_CONVERSION = YES;
				GCC_WARN_ABOUT_RETURN_TYPE = YES_ERROR;
				GCC_WARN_UNDECLARED_SELECTOR = YES;
				GCC_WARN_UNINITIALIZED_AUTOS = YES_AGGRESSIVE;
				GCC_WARN_UNUSED_FUNCTION = YES;
				GCC_WARN_UNUSED_VARIABLE = YES;
				IPHONEOS_DEPLOYMENT_TARGET = 16.0;
				LOCALIZATION_PREFERS_STRING_CATALOGS = YES;
				MTL_ENABLE_DEBUG_INFO = INCLUDE_SOURCE;
				MTL_FAST_MATH = YES;
				ONLY_ACTIVE_ARCH = YES;
				SDKROOT = iphoneos;
				SWIFT_ACTIVE_COMPILATION_CONDITIONS = "DEBUG $(inherited)";
				SWIFT_OPTIMIZATION_LEVEL = "-Onone";
			};
			name = Debug;
		};
		C0C7E2972D2C22AF00AF7298 /* Release */ = {
			isa = XCBuildConfiguration;
			buildSettings = {
				ALWAYS_SEARCH_USER_PATHS = NO;
				ASSETCATALOG_COMPILER_GENERATE_SWIFT_ASSET_SYMBOL_EXTENSIONS = YES;
				CLANG_ANALYZER_NONNULL = YES;
				CLANG_ANALYZER_NUMBER_OBJECT_CONVERSION = YES_AGGRESSIVE;
				CLANG_CXX_LANGUAGE_STANDARD = "gnu++20";
				CLANG_ENABLE_MODULES = YES;
				CLANG_ENABLE_OBJC_ARC = YES;
				CLANG_ENABLE_OBJC_WEAK = YES;
				CLANG_WARN_BLOCK_CAPTURE_AUTORELEASING = YES;
				CLANG_WARN_BOOL_CONVERSION = YES;
				CLANG_WARN_COMMA = YES;
				CLANG_WARN_CONSTANT_CONVERSION = YES;
				CLANG_WARN_DEPRECATED_OBJC_IMPLEMENTATIONS = YES;
				CLANG_WARN_DIRECT_OBJC_ISA_USAGE = YES_ERROR;
				CLANG_WARN_DOCUMENTATION_COMMENTS = YES;
				CLANG_WARN_EMPTY_BODY = YES;
				CLANG_WARN_ENUM_CONVERSION = YES;
				CLANG_WARN_INFINITE_RECURSION = YES;
				CLANG_WARN_INT_CONVERSION = YES;
				CLANG_WARN_NON_LITERAL_NULL_CONVERSION = YES;
				CLANG_WARN_OBJC_IMPLICIT_RETAIN_SELF = YES;
				CLANG_WARN_OBJC_LITERAL_CONVERSION = YES;
				CLANG_WARN_OBJC_ROOT_CLASS = YES_ERROR;
				CLANG_WARN_QUOTED_INCLUDE_IN_FRAMEWORK_HEADER = YES;
				CLANG_WARN_RANGE_LOOP_ANALYSIS = YES;
				CLANG_WARN_STRICT_PROTOTYPES = YES;
				CLANG_WARN_SUSPICIOUS_MOVE = YES;
				CLANG_WARN_UNGUARDED_AVAILABILITY = YES_AGGRESSIVE;
				CLANG_WARN_UNREACHABLE_CODE = YES;
				CLANG_WARN__DUPLICATE_METHOD_MATCH = YES;
				COPY_PHASE_STRIP = NO;
				DEBUG_INFORMATION_FORMAT = "dwarf-with-dsym";
				ENABLE_NS_ASSERTIONS = NO;
				ENABLE_STRICT_OBJC_MSGSEND = YES;
				ENABLE_USER_SCRIPT_SANDBOXING = NO;
				GCC_C_LANGUAGE_STANDARD = gnu17;
				GCC_NO_COMMON_BLOCKS = YES;
				GCC_WARN_64_TO_32_BIT_CONVERSION = YES;
				GCC_WARN_ABOUT_RETURN_TYPE = YES_ERROR;
				GCC_WARN_UNDECLARED_SELECTOR = YES;
				GCC_WARN_UNINITIALIZED_AUTOS = YES_AGGRESSIVE;
				GCC_WARN_UNUSED_FUNCTION = YES;
				GCC_WARN_UNUSED_VARIABLE = YES;
				IPHONEOS_DEPLOYMENT_TARGET = 16.0;
				LOCALIZATION_PREFERS_STRING_CATALOGS = YES;
				MTL_ENABLE_DEBUG_INFO = NO;
				MTL_FAST_MATH = YES;
				SDKROOT = iphoneos;
				SWIFT_COMPILATION_MODE = wholemodule;
				VALIDATE_PRODUCT = YES;
			};
			name = Release;
		};
		C0C7E2992D2C22AF00AF7298 /* Debug */ = {
			isa = XCBuildConfiguration;
			baseConfigurationReference = C0D95987EF8D977FC1C5ADBB /* Pods-Spotify.debug.xcconfig */;
			buildSettings = {
				ASSETCATALOG_COMPILER_APPICON_NAME = AppIcon;
				ASSETCATALOG_COMPILER_GLOBAL_ACCENT_COLOR_NAME = AccentColor;
				CODE_SIGN_STYLE = Automatic;
				CURRENT_PROJECT_VERSION = 1;
				DEVELOPMENT_TEAM = C6YBX2MCPS;
				GENERATE_INFOPLIST_FILE = YES;
				INFOPLIST_FILE = Spotify/Info.plist;
				INFOPLIST_KEY_UIApplicationSupportsIndirectInputEvents = YES;
				INFOPLIST_KEY_UILaunchStoryboardName = LaunchScreen;
				INFOPLIST_KEY_UISupportedInterfaceOrientations = UIInterfaceOrientationPortrait;
				IPHONEOS_DEPLOYMENT_TARGET = 16.6;
				LD_RUNPATH_SEARCH_PATHS = (
					"$(inherited)",
					"@executable_path/Frameworks",
				);
				MARKETING_VERSION = 1.0;
				PRODUCT_BUNDLE_IDENTIFIER = com.SitdikovIR.SpotifyDemo;
				PRODUCT_NAME = "$(TARGET_NAME)";
				SWIFT_EMIT_LOC_STRINGS = YES;
				SWIFT_VERSION = 5.0;
				TARGETED_DEVICE_FAMILY = "1,2";
			};
			name = Debug;
		};
		C0C7E29A2D2C22AF00AF7298 /* Release */ = {
			isa = XCBuildConfiguration;
			baseConfigurationReference = 0F2AA9391C3BFA13E1790024 /* Pods-Spotify.release.xcconfig */;
			buildSettings = {
				ASSETCATALOG_COMPILER_APPICON_NAME = AppIcon;
				ASSETCATALOG_COMPILER_GLOBAL_ACCENT_COLOR_NAME = AccentColor;
				CODE_SIGN_STYLE = Automatic;
				CURRENT_PROJECT_VERSION = 1;
				DEVELOPMENT_TEAM = C6YBX2MCPS;
				GENERATE_INFOPLIST_FILE = YES;
				INFOPLIST_FILE = Spotify/Info.plist;
				INFOPLIST_KEY_UIApplicationSupportsIndirectInputEvents = YES;
				INFOPLIST_KEY_UILaunchStoryboardName = LaunchScreen;
				INFOPLIST_KEY_UISupportedInterfaceOrientations = UIInterfaceOrientationPortrait;
				IPHONEOS_DEPLOYMENT_TARGET = 16.6;
				LD_RUNPATH_SEARCH_PATHS = (
					"$(inherited)",
					"@executable_path/Frameworks",
				);
				MARKETING_VERSION = 1.0;
				PRODUCT_BUNDLE_IDENTIFIER = com.SitdikovIR.SpotifyDemo;
				PRODUCT_NAME = "$(TARGET_NAME)";
				SWIFT_EMIT_LOC_STRINGS = YES;
				SWIFT_VERSION = 5.0;
				TARGETED_DEVICE_FAMILY = "1,2";
			};
			name = Release;
		};
/* End XCBuildConfiguration section */

/* Begin XCConfigurationList section */
		C0C7E27C2D2C22AE00AF7298 /* Build configuration list for PBXProject "Spotify" */ = {
			isa = XCConfigurationList;
			buildConfigurations = (
				C0C7E2962D2C22AF00AF7298 /* Debug */,
				C0C7E2972D2C22AF00AF7298 /* Release */,
			);
			defaultConfigurationIsVisible = 0;
			defaultConfigurationName = Release;
		};
		C0C7E2982D2C22AF00AF7298 /* Build configuration list for PBXNativeTarget "Spotify" */ = {
			isa = XCConfigurationList;
			buildConfigurations = (
				C0C7E2992D2C22AF00AF7298 /* Debug */,
				C0C7E29A2D2C22AF00AF7298 /* Release */,
			);
			defaultConfigurationIsVisible = 0;
			defaultConfigurationName = Release;
		};
/* End XCConfigurationList section */
	};
	rootObject = C0C7E2792D2C22AE00AF7298 /* Project object */;
}
